
Microsoft Visual Studio Solution File, Format Version 12.00
# Visual Studio Version 16
VisualStudioVersion = 16.0.30711.63
MinimumVisualStudioVersion = 10.0.40219.1
Project("{FAE04EC0-301F-11D3-BF4B-00C04F79EFBC}") = "SistemaBuscador", "SistemaBuscador\SistemaBuscador.csproj", "{50D48CED-A474-4309-ACD4-ED79AC961DE1}"
EndProject
Project("{FAE04EC0-301F-11D3-BF4B-00C04F79EFBC}") = "SistemaBuscadorTest", "SistemaBuscadorTest\SistemaBuscadorTest.csproj", "{2918BE1E-8579-4BD5-86F1-0431E430A575}"
EndProject
Global
	GlobalSection(SolutionConfigurationPlatforms) = preSolution
		Debug|Any CPU = Debug|Any CPU
		Release|Any CPU = Release|Any CPU
	EndGlobalSection
	GlobalSection(ProjectConfigurationPlatforms) = postSolution
		{50D48CED-A474-4309-ACD4-ED79AC961DE1}.Debug|Any CPU.ActiveCfg = Debug|Any CPU
		{50D48CED-A474-4309-ACD4-ED79AC961DE1}.Debug|Any CPU.Build.0 = Debug|Any CPU
		{50D48CED-A474-4309-ACD4-ED79AC961DE1}.Release|Any CPU.ActiveCfg = Release|Any CPU
		{50D48CED-A474-4309-ACD4-ED79AC961DE1}.Release|Any CPU.Build.0 = Release|Any CPU
		{2918BE1E-8579-4BD5-86F1-0431E430A575}.Debug|Any CPU.ActiveCfg = Debug|Any CPU
		{2918BE1E-8579-4BD5-86F1-0431E430A575}.Debug|Any CPU.Build.0 = Debug|Any CPU
		{2918BE1E-8579-4BD5-86F1-0431E430A575}.Release|Any CPU.ActiveCfg = Release|Any CPU
		{2918BE1E-8579-4BD5-86F1-0431E430A575}.Release|Any CPU.Build.0 = Release|Any CPU
	EndGlobalSection
	GlobalSection(SolutionProperties) = preSolution
		HideSolutionNode = FALSE
	EndGlobalSection
	GlobalSection(ExtensibilityGlobals) = postSolution
		SolutionGuid = {32BB4825-6D87-401B-A795-3EC48A8B1769}
	EndGlobalSection
EndGlobal
